{
  "nodes": {
    "nixpkgs": {
      "locked": {
        "lastModified": 1698233941,
        "narHash": "sha256-n66he1jg9pt/zkVACpWwVMYTIkGmF4jOM764mMj0ffw=",
        "owner": "NixOS",
        "repo": "nixpkgs",
        "rev": "545857e74921a41af587931bd80dfed5541c3cbf",
        "type": "github"
      },
      "original": {
        "owner": "NixOS",
        "ref": "master",
        "repo": "nixpkgs",
        "type": "github"
      }
    },
    "root": {
      "inputs": {
        "nixpkgs": "nixpkgs"
      }
    }
  },
  "root": "root",
  "version": 7
}
