{
  "nodes": {
    "nixpkgs": {
      "locked": {
        "lastModified": 1653354321,
        "narHash": "sha256-AMUhX1Ch0KMDWCze6KAntwlJ1iFp0fLK2TTW9Mj85WY=",
        "owner": "NixOS",
        "repo": "nixpkgs",
        "rev": "b80531b35cbcddcaf74ceb685b3a0847c134cbe1",
        "type": "github"
      },
      "original": {
        "owner": "NixOS",
        "ref": "release-22.05",
        "repo": "nixpkgs",
        "type": "github"
      }
    },
    "root": {
      "inputs": {
        "nixpkgs": "nixpkgs"
      }
    }
  },
  "root": "root",
  "version": 7
}
