{
  "nodes": {
    "nixpkgs": {
      "locked": {
        "lastModified": 1694430685,
        "narHash": "sha256-mO2xjkLU0v2r2cfbKek0Ehdjg/JXu4XQlMagyIqNV+Q=",
        "owner": "NixOS",
        "repo": "nixpkgs",
        "rev": "f126a5c2535e9ccd6c6d2ca6dc6a099415fed536",
        "type": "github"
      },
      "original": {
        "owner": "NixOS",
        "ref": "python-updates",
        "repo": "nixpkgs",
        "type": "github"
      }
    },
    "root": {
      "inputs": {
        "nixpkgs": "nixpkgs"
      }
    }
  },
  "root": "root",
  "version": 7
}
